{
    "_meta": {
        "hash": {
            "sha256": "1d4e23a7aa51824078d07965660c26c477aa60afa5fe8e4d82469a284f417e96"
        },
        "pipfile-spec": 6,
        "requires": {
            "python_version": "3.10"
        },
        "sources": [
            {
                "name": "pypi",
                "url": "https://pypi.org/simple",
                "verify_ssl": true
            }
        ]
    },
    "default": {
        "honcho": {
            "hashes": [
                "sha256:56dcd04fc72d362a4befb9303b1a1a812cba5da283526fbc6509be122918ddf3",
                "sha256:af3815c03c634bf67d50f114253ea9fef72ecff26e4fd06b29234789ac5b8b2e"
            ],
            "index": "pypi",
            "version": "==2.0.0"
        },
        "python-dotenv": {
            "hashes": [
                "sha256:e324ee90a023d808f1959c46bcbc04446a10ced277783dc6ee09987c37ec10ca",
                "sha256:f7b63ef50f1b690dddf550d03497b66d609393b40b564ed0d674909a68ebf16a"
            ],
            "index": "pypi",
            "markers": "python_version >= '3.8'",
            "version": "==1.0.1"
        }
    },
    "develop": {}
}
